PODS:
  - FlexibleAVCapture (2.2.6)

DEPENDENCIES:
  - FlexibleAVCapture (from `../`)

EXTERNAL SOURCES:
  FlexibleAVCapture:
    :path: "../"

SPEC CHECKSUMS:
  FlexibleAVCapture: 15ecca8d9495f3fac81308f3ad7fadf4722a5fe1

PODFILE CHECKSUM: 6e243abbc7afbe45a83be317014a0193fd4d5aa4

COCOAPODS: 1.16.2
